
Microsoft Visual Studio Solution File, Format Version 12.00
# Visual Studio Version 16
VisualStudioVersion = 16.0.28606.126
MinimumVisualStudioVersion = 10.0.40219.1
Project("{FAE04EC0-301F-11D3-BF4B-00C04F79EFBC}") = "ControlBlocks", "ControlBlocks\ControlBlocks.csproj", "{0CD92CD5-169C-4E68-A8B4-531B7B619342}"
EndProject
Global
	GlobalSection(SolutionConfigurationPlatforms) = preSolution
		Debug|Any CPU = Debug|Any CPU
		Release|Any CPU = Release|Any CPU
	EndGlobalSection
	GlobalSection(ProjectConfigurationPlatforms) = postSolution
		{0CD92CD5-169C-4E68-A8B4-531B7B619342}.Debug|Any CPU.ActiveCfg = Debug|Any CPU
		{0CD92CD5-169C-4E68-A8B4-531B7B619342}.Debug|Any CPU.Build.0 = Debug|Any CPU
		{0CD92CD5-169C-4E68-A8B4-531B7B619342}.Release|Any CPU.ActiveCfg = Release|Any CPU
		{0CD92CD5-169C-4E68-A8B4-531B7B619342}.Release|Any CPU.Build.0 = Release|Any CPU
	EndGlobalSection
	GlobalSection(SolutionProperties) = preSolution
		HideSolutionNode = FALSE
	EndGlobalSection
	GlobalSection(ExtensibilityGlobals) = postSolution
		SolutionGuid = {89620A0B-3D7D-4A68-A994-7774688D0946}
	EndGlobalSection
EndGlobal
