
Microsoft Visual Studio Solution File, Format Version 12.00
# Visual Studio 15
VisualStudioVersion = 15.0.28307.102
MinimumVisualStudioVersion = 10.0.40219.1
Project("{FAE04EC0-301F-11D3-BF4B-00C04F79EFBC}") = "Car", "Car\Car.csproj", "{0B7D0FA8-F423-4FBB-B41C-4B937004B82F}"
EndProject
Global
	GlobalSection(SolutionConfigurationPlatforms) = preSolution
		Debug|Any CPU = Debug|Any CPU
		Release|Any CPU = Release|Any CPU
	EndGlobalSection
	GlobalSection(ProjectConfigurationPlatforms) = postSolution
		{0B7D0FA8-F423-4FBB-B41C-4B937004B82F}.Debug|Any CPU.ActiveCfg = Debug|Any CPU
		{0B7D0FA8-F423-4FBB-B41C-4B937004B82F}.Debug|Any CPU.Build.0 = Debug|Any CPU
		{0B7D0FA8-F423-4FBB-B41C-4B937004B82F}.Release|Any CPU.ActiveCfg = Release|Any CPU
		{0B7D0FA8-F423-4FBB-B41C-4B937004B82F}.Release|Any CPU.Build.0 = Release|Any CPU
	EndGlobalSection
	GlobalSection(SolutionProperties) = preSolution
		HideSolutionNode = FALSE
	EndGlobalSection
	GlobalSection(ExtensibilityGlobals) = postSolution
		SolutionGuid = {B5BEA9E5-C25E-4013-8C93-829CA57D1290}
	EndGlobalSection
EndGlobal
