
Microsoft Visual Studio Solution File, Format Version 12.00
# Visual Studio 15
VisualStudioVersion = 15.0.28307.102
MinimumVisualStudioVersion = 10.0.40219.1
Project("{FAE04EC0-301F-11D3-BF4B-00C04F79EFBC}") = "Overflow", "Overflow\Overflow.csproj", "{582C237F-EF56-4C85-AEA6-3E67806CD52C}"
EndProject
Global
	GlobalSection(SolutionConfigurationPlatforms) = preSolution
		Debug|Any CPU = Debug|Any CPU
		Release|Any CPU = Release|Any CPU
	EndGlobalSection
	GlobalSection(ProjectConfigurationPlatforms) = postSolution
		{582C237F-EF56-4C85-AEA6-3E67806CD52C}.Debug|Any CPU.ActiveCfg = Debug|Any CPU
		{582C237F-EF56-4C85-AEA6-3E67806CD52C}.Debug|Any CPU.Build.0 = Debug|Any CPU
		{582C237F-EF56-4C85-AEA6-3E67806CD52C}.Release|Any CPU.ActiveCfg = Release|Any CPU
		{582C237F-EF56-4C85-AEA6-3E67806CD52C}.Release|Any CPU.Build.0 = Release|Any CPU
	EndGlobalSection
	GlobalSection(SolutionProperties) = preSolution
		HideSolutionNode = FALSE
	EndGlobalSection
	GlobalSection(ExtensibilityGlobals) = postSolution
		SolutionGuid = {12ECBD67-FFA8-49EF-9011-F8F698866D38}
	EndGlobalSection
EndGlobal
