
Microsoft Visual Studio Solution File, Format Version 12.00
# Visual Studio 15
VisualStudioVersion = 15.0.28307.102
MinimumVisualStudioVersion = 10.0.40219.1
Project("{FAE04EC0-301F-11D3-BF4B-00C04F79EFBC}") = "Lab4.UWP", "Lab4\Lab4.UWP\Lab4.UWP.csproj", "{D1096B5C-984F-4157-8E0A-59BC666C62C1}"
EndProject
Project("{FAE04EC0-301F-11D3-BF4B-00C04F79EFBC}") = "Lab4", "Lab4\Lab4\Lab4.csproj", "{5A265EF7-B2EC-43DB-A75A-F5A27A9644B3}"
EndProject
Project("{FAE04EC0-301F-11D3-BF4B-00C04F79EFBC}") = "Lab4.Server", "Lab4.Server\Lab4.Server.csproj", "{DED888FA-7054-44E9-A4F6-E855FCC8D0EA}"
EndProject
Project("{FAE04EC0-301F-11D3-BF4B-00C04F79EFBC}") = "Lab4.Shared", "Lab4.Shared\Lab4.Shared.csproj", "{CBFCE4D8-CBEC-4F2C-815F-5F2747601E7F}"
EndProject
Global
	GlobalSection(SolutionConfigurationPlatforms) = preSolution
		Debug|Any CPU = Debug|Any CPU
		Debug|ARM = Debug|ARM
		Debug|x64 = Debug|x64
		Debug|x86 = Debug|x86
		Release|Any CPU = Release|Any CPU
		Release|ARM = Release|ARM
		Release|x64 = Release|x64
		Release|x86 = Release|x86
	EndGlobalSection
	GlobalSection(ProjectConfigurationPlatforms) = postSolution
		{D1096B5C-984F-4157-8E0A-59BC666C62C1}.Debug|Any CPU.ActiveCfg = Debug|x86
		{D1096B5C-984F-4157-8E0A-59BC666C62C1}.Debug|Any CPU.Build.0 = Debug|x86
		{D1096B5C-984F-4157-8E0A-59BC666C62C1}.Debug|Any CPU.Deploy.0 = Debug|x86
		{D1096B5C-984F-4157-8E0A-59BC666C62C1}.Debug|ARM.ActiveCfg = Debug|ARM
		{D1096B5C-984F-4157-8E0A-59BC666C62C1}.Debug|ARM.Build.0 = Debug|ARM
		{D1096B5C-984F-4157-8E0A-59BC666C62C1}.Debug|ARM.Deploy.0 = Debug|ARM
		{D1096B5C-984F-4157-8E0A-59BC666C62C1}.Debug|x64.ActiveCfg = Debug|x64
		{D1096B5C-984F-4157-8E0A-59BC666C62C1}.Debug|x64.Build.0 = Debug|x64
		{D1096B5C-984F-4157-8E0A-59BC666C62C1}.Debug|x64.Deploy.0 = Debug|x64
		{D1096B5C-984F-4157-8E0A-59BC666C62C1}.Debug|x86.ActiveCfg = Debug|x86
		{D1096B5C-984F-4157-8E0A-59BC666C62C1}.Debug|x86.Build.0 = Debug|x86
		{D1096B5C-984F-4157-8E0A-59BC666C62C1}.Debug|x86.Deploy.0 = Debug|x86
		{D1096B5C-984F-4157-8E0A-59BC666C62C1}.Release|Any CPU.ActiveCfg = Release|x86
		{D1096B5C-984F-4157-8E0A-59BC666C62C1}.Release|Any CPU.Build.0 = Release|x86
		{D1096B5C-984F-4157-8E0A-59BC666C62C1}.Release|Any CPU.Deploy.0 = Release|x86
		{D1096B5C-984F-4157-8E0A-59BC666C62C1}.Release|ARM.ActiveCfg = Release|ARM
		{D1096B5C-984F-4157-8E0A-59BC666C62C1}.Release|ARM.Build.0 = Release|ARM
		{D1096B5C-984F-4157-8E0A-59BC666C62C1}.Release|ARM.Deploy.0 = Release|ARM
		{D1096B5C-984F-4157-8E0A-59BC666C62C1}.Release|x64.ActiveCfg = Release|x64
		{D1096B5C-984F-4157-8E0A-59BC666C62C1}.Release|x64.Build.0 = Release|x64
		{D1096B5C-984F-4157-8E0A-59BC666C62C1}.Release|x64.Deploy.0 = Release|x64
		{D1096B5C-984F-4157-8E0A-59BC666C62C1}.Release|x86.ActiveCfg = Release|x86
		{D1096B5C-984F-4157-8E0A-59BC666C62C1}.Release|x86.Build.0 = Release|x86
		{D1096B5C-984F-4157-8E0A-59BC666C62C1}.Release|x86.Deploy.0 = Release|x86
		{5A265EF7-B2EC-43DB-A75A-F5A27A9644B3}.Debug|Any CPU.ActiveCfg = Debug|Any CPU
		{5A265EF7-B2EC-43DB-A75A-F5A27A9644B3}.Debug|Any CPU.Build.0 = Debug|Any CPU
		{5A265EF7-B2EC-43DB-A75A-F5A27A9644B3}.Debug|Any CPU.Deploy.0 = Debug|Any CPU
		{5A265EF7-B2EC-43DB-A75A-F5A27A9644B3}.Debug|ARM.ActiveCfg = Debug|Any CPU
		{5A265EF7-B2EC-43DB-A75A-F5A27A9644B3}.Debug|ARM.Build.0 = Debug|Any CPU
		{5A265EF7-B2EC-43DB-A75A-F5A27A9644B3}.Debug|ARM.Deploy.0 = Debug|Any CPU
		{5A265EF7-B2EC-43DB-A75A-F5A27A9644B3}.Debug|x64.ActiveCfg = Debug|Any CPU
		{5A265EF7-B2EC-43DB-A75A-F5A27A9644B3}.Debug|x64.Build.0 = Debug|Any CPU
		{5A265EF7-B2EC-43DB-A75A-F5A27A9644B3}.Debug|x64.Deploy.0 = Debug|Any CPU
		{5A265EF7-B2EC-43DB-A75A-F5A27A9644B3}.Debug|x86.ActiveCfg = Debug|Any CPU
		{5A265EF7-B2EC-43DB-A75A-F5A27A9644B3}.Debug|x86.Build.0 = Debug|Any CPU
		{5A265EF7-B2EC-43DB-A75A-F5A27A9644B3}.Debug|x86.Deploy.0 = Debug|Any CPU
		{5A265EF7-B2EC-43DB-A75A-F5A27A9644B3}.Release|Any CPU.ActiveCfg = Release|Any CPU
		{5A265EF7-B2EC-43DB-A75A-F5A27A9644B3}.Release|Any CPU.Build.0 = Release|Any CPU
		{5A265EF7-B2EC-43DB-A75A-F5A27A9644B3}.Release|Any CPU.Deploy.0 = Release|Any CPU
		{5A265EF7-B2EC-43DB-A75A-F5A27A9644B3}.Release|ARM.ActiveCfg = Release|Any CPU
		{5A265EF7-B2EC-43DB-A75A-F5A27A9644B3}.Release|ARM.Build.0 = Release|Any CPU
		{5A265EF7-B2EC-43DB-A75A-F5A27A9644B3}.Release|ARM.Deploy.0 = Release|Any CPU
		{5A265EF7-B2EC-43DB-A75A-F5A27A9644B3}.Release|x64.ActiveCfg = Release|Any CPU
		{5A265EF7-B2EC-43DB-A75A-F5A27A9644B3}.Release|x64.Build.0 = Release|Any CPU
		{5A265EF7-B2EC-43DB-A75A-F5A27A9644B3}.Release|x64.Deploy.0 = Release|Any CPU
		{5A265EF7-B2EC-43DB-A75A-F5A27A9644B3}.Release|x86.ActiveCfg = Release|Any CPU
		{5A265EF7-B2EC-43DB-A75A-F5A27A9644B3}.Release|x86.Build.0 = Release|Any CPU
		{5A265EF7-B2EC-43DB-A75A-F5A27A9644B3}.Release|x86.Deploy.0 = Release|Any CPU
		{DED888FA-7054-44E9-A4F6-E855FCC8D0EA}.Debug|Any CPU.ActiveCfg = Debug|Any CPU
		{DED888FA-7054-44E9-A4F6-E855FCC8D0EA}.Debug|Any CPU.Build.0 = Debug|Any CPU
		{DED888FA-7054-44E9-A4F6-E855FCC8D0EA}.Debug|ARM.ActiveCfg = Debug|Any CPU
		{DED888FA-7054-44E9-A4F6-E855FCC8D0EA}.Debug|ARM.Build.0 = Debug|Any CPU
		{DED888FA-7054-44E9-A4F6-E855FCC8D0EA}.Debug|x64.ActiveCfg = Debug|Any CPU
		{DED888FA-7054-44E9-A4F6-E855FCC8D0EA}.Debug|x64.Build.0 = Debug|Any CPU
		{DED888FA-7054-44E9-A4F6-E855FCC8D0EA}.Debug|x86.ActiveCfg = Debug|Any CPU
		{DED888FA-7054-44E9-A4F6-E855FCC8D0EA}.Debug|x86.Build.0 = Debug|Any CPU
		{DED888FA-7054-44E9-A4F6-E855FCC8D0EA}.Release|Any CPU.ActiveCfg = Release|Any CPU
		{DED888FA-7054-44E9-A4F6-E855FCC8D0EA}.Release|Any CPU.Build.0 = Release|Any CPU
		{DED888FA-7054-44E9-A4F6-E855FCC8D0EA}.Release|ARM.ActiveCfg = Release|Any CPU
		{DED888FA-7054-44E9-A4F6-E855FCC8D0EA}.Release|ARM.Build.0 = Release|Any CPU
		{DED888FA-7054-44E9-A4F6-E855FCC8D0EA}.Release|x64.ActiveCfg = Release|Any CPU
		{DED888FA-7054-44E9-A4F6-E855FCC8D0EA}.Release|x64.Build.0 = Release|Any CPU
		{DED888FA-7054-44E9-A4F6-E855FCC8D0EA}.Release|x86.ActiveCfg = Release|Any CPU
		{DED888FA-7054-44E9-A4F6-E855FCC8D0EA}.Release|x86.Build.0 = Release|Any CPU
		{CBFCE4D8-CBEC-4F2C-815F-5F2747601E7F}.Debug|Any CPU.ActiveCfg = Debug|Any CPU
		{CBFCE4D8-CBEC-4F2C-815F-5F2747601E7F}.Debug|Any CPU.Build.0 = Debug|Any CPU
		{CBFCE4D8-CBEC-4F2C-815F-5F2747601E7F}.Debug|ARM.ActiveCfg = Debug|Any CPU
		{CBFCE4D8-CBEC-4F2C-815F-5F2747601E7F}.Debug|ARM.Build.0 = Debug|Any CPU
		{CBFCE4D8-CBEC-4F2C-815F-5F2747601E7F}.Debug|x64.ActiveCfg = Debug|Any CPU
		{CBFCE4D8-CBEC-4F2C-815F-5F2747601E7F}.Debug|x64.Build.0 = Debug|Any CPU
		{CBFCE4D8-CBEC-4F2C-815F-5F2747601E7F}.Debug|x86.ActiveCfg = Debug|Any CPU
		{CBFCE4D8-CBEC-4F2C-815F-5F2747601E7F}.Debug|x86.Build.0 = Debug|Any CPU
		{CBFCE4D8-CBEC-4F2C-815F-5F2747601E7F}.Release|Any CPU.ActiveCfg = Release|Any CPU
		{CBFCE4D8-CBEC-4F2C-815F-5F2747601E7F}.Release|Any CPU.Build.0 = Release|Any CPU
		{CBFCE4D8-CBEC-4F2C-815F-5F2747601E7F}.Release|ARM.ActiveCfg = Release|Any CPU
		{CBFCE4D8-CBEC-4F2C-815F-5F2747601E7F}.Release|ARM.Build.0 = Release|Any CPU
		{CBFCE4D8-CBEC-4F2C-815F-5F2747601E7F}.Release|x64.ActiveCfg = Release|Any CPU
		{CBFCE4D8-CBEC-4F2C-815F-5F2747601E7F}.Release|x64.Build.0 = Release|Any CPU
		{CBFCE4D8-CBEC-4F2C-815F-5F2747601E7F}.Release|x86.ActiveCfg = Release|Any CPU
		{CBFCE4D8-CBEC-4F2C-815F-5F2747601E7F}.Release|x86.Build.0 = Release|Any CPU
	EndGlobalSection
	GlobalSection(SolutionProperties) = preSolution
		HideSolutionNode = FALSE
	EndGlobalSection
	GlobalSection(ExtensibilityGlobals) = postSolution
		SolutionGuid = {86586FF7-A34B-4492-892F-49E8C10D1C86}
	EndGlobalSection
EndGlobal
