
Microsoft Visual Studio Solution File, Format Version 12.00
# Visual Studio Version 16
VisualStudioVersion = 16.0.28606.126
MinimumVisualStudioVersion = 10.0.40219.1
Project("{FAE04EC0-301F-11D3-BF4B-00C04F79EFBC}") = "XAML.Android", "XAML\XAML.Android\XAML.Android.csproj", "{3C0B778E-4950-4030-A643-59B4699E06A7}"
EndProject
Project("{FAE04EC0-301F-11D3-BF4B-00C04F79EFBC}") = "XAML", "XAML\XAML\XAML.csproj", "{96A8DCE3-A929-4FA2-B239-565DCCA7B83B}"
EndProject
Global
	GlobalSection(SolutionConfigurationPlatforms) = preSolution
		Debug|Any CPU = Debug|Any CPU
		Release|Any CPU = Release|Any CPU
	EndGlobalSection
	GlobalSection(ProjectConfigurationPlatforms) = postSolution
		{3C0B778E-4950-4030-A643-59B4699E06A7}.Debug|Any CPU.ActiveCfg = Debug|Any CPU
		{3C0B778E-4950-4030-A643-59B4699E06A7}.Debug|Any CPU.Build.0 = Debug|Any CPU
		{3C0B778E-4950-4030-A643-59B4699E06A7}.Debug|Any CPU.Deploy.0 = Debug|Any CPU
		{3C0B778E-4950-4030-A643-59B4699E06A7}.Release|Any CPU.ActiveCfg = Release|Any CPU
		{3C0B778E-4950-4030-A643-59B4699E06A7}.Release|Any CPU.Build.0 = Release|Any CPU
		{3C0B778E-4950-4030-A643-59B4699E06A7}.Release|Any CPU.Deploy.0 = Release|Any CPU
		{96A8DCE3-A929-4FA2-B239-565DCCA7B83B}.Debug|Any CPU.ActiveCfg = Debug|Any CPU
		{96A8DCE3-A929-4FA2-B239-565DCCA7B83B}.Debug|Any CPU.Build.0 = Debug|Any CPU
		{96A8DCE3-A929-4FA2-B239-565DCCA7B83B}.Debug|Any CPU.Deploy.0 = Debug|Any CPU
		{96A8DCE3-A929-4FA2-B239-565DCCA7B83B}.Release|Any CPU.ActiveCfg = Release|Any CPU
		{96A8DCE3-A929-4FA2-B239-565DCCA7B83B}.Release|Any CPU.Build.0 = Release|Any CPU
		{96A8DCE3-A929-4FA2-B239-565DCCA7B83B}.Release|Any CPU.Deploy.0 = Release|Any CPU
	EndGlobalSection
	GlobalSection(SolutionProperties) = preSolution
		HideSolutionNode = FALSE
	EndGlobalSection
	GlobalSection(ExtensibilityGlobals) = postSolution
		SolutionGuid = {E58E8E6E-3EA6-4D27-9986-E6872A9B205D}
	EndGlobalSection
EndGlobal
