
Microsoft Visual Studio Solution File, Format Version 12.00
# Visual Studio Version 16
VisualStudioVersion = 16.0.28606.126
MinimumVisualStudioVersion = 10.0.40219.1
Project("{FAE04EC0-301F-11D3-BF4B-00C04F79EFBC}") = "ConsoleApplication", "ConsoleApplication\ConsoleApplication.csproj", "{DEA6860D-940A-4716-B09B-764682C5423B}"
EndProject
Global
	GlobalSection(SolutionConfigurationPlatforms) = preSolution
		Debug|Any CPU = Debug|Any CPU
		Release|Any CPU = Release|Any CPU
	EndGlobalSection
	GlobalSection(ProjectConfigurationPlatforms) = postSolution
		{DEA6860D-940A-4716-B09B-764682C5423B}.Debug|Any CPU.ActiveCfg = Debug|Any CPU
		{DEA6860D-940A-4716-B09B-764682C5423B}.Debug|Any CPU.Build.0 = Debug|Any CPU
		{DEA6860D-940A-4716-B09B-764682C5423B}.Release|Any CPU.ActiveCfg = Release|Any CPU
		{DEA6860D-940A-4716-B09B-764682C5423B}.Release|Any CPU.Build.0 = Release|Any CPU
	EndGlobalSection
	GlobalSection(SolutionProperties) = preSolution
		HideSolutionNode = FALSE
	EndGlobalSection
	GlobalSection(ExtensibilityGlobals) = postSolution
		SolutionGuid = {4A5F10C2-8BE6-4256-AC98-86227DB5F95C}
	EndGlobalSection
EndGlobal
