
Microsoft Visual Studio Solution File, Format Version 12.00
# Visual Studio Version 16
VisualStudioVersion = 16.0.28606.126
MinimumVisualStudioVersion = 10.0.40219.1
Project("{FAE04EC0-301F-11D3-BF4B-00C04F79EFBC}") = "Linq", "Linq\Linq.csproj", "{A408D246-1AF7-4AEA-A664-ED86A892A73E}"
EndProject
Global
	GlobalSection(SolutionConfigurationPlatforms) = preSolution
		Debug|Any CPU = Debug|Any CPU
		Release|Any CPU = Release|Any CPU
	EndGlobalSection
	GlobalSection(ProjectConfigurationPlatforms) = postSolution
		{A408D246-1AF7-4AEA-A664-ED86A892A73E}.Debug|Any CPU.ActiveCfg = Debug|Any CPU
		{A408D246-1AF7-4AEA-A664-ED86A892A73E}.Debug|Any CPU.Build.0 = Debug|Any CPU
		{A408D246-1AF7-4AEA-A664-ED86A892A73E}.Release|Any CPU.ActiveCfg = Release|Any CPU
		{A408D246-1AF7-4AEA-A664-ED86A892A73E}.Release|Any CPU.Build.0 = Release|Any CPU
	EndGlobalSection
	GlobalSection(SolutionProperties) = preSolution
		HideSolutionNode = FALSE
	EndGlobalSection
	GlobalSection(ExtensibilityGlobals) = postSolution
		SolutionGuid = {4517645B-0AA2-46AE-A389-AE4C13A24E78}
	EndGlobalSection
EndGlobal
