
Microsoft Visual Studio Solution File, Format Version 12.00
# Visual Studio 15
VisualStudioVersion = 15.0.27703.2035
MinimumVisualStudioVersion = 10.0.40219.1
Project("{FAE04EC0-301F-11D3-BF4B-00C04F79EFBC}") = "MVCEF", "MVCEF\MVCEF.csproj", "{27EE019F-32E2-403B-9651-7F826CE2EC14}"
EndProject
Global
	GlobalSection(SolutionConfigurationPlatforms) = preSolution
		Debug|Any CPU = Debug|Any CPU
		Release|Any CPU = Release|Any CPU
	EndGlobalSection
	GlobalSection(ProjectConfigurationPlatforms) = postSolution
		{27EE019F-32E2-403B-9651-7F826CE2EC14}.Debug|Any CPU.ActiveCfg = Debug|Any CPU
		{27EE019F-32E2-403B-9651-7F826CE2EC14}.Debug|Any CPU.Build.0 = Debug|Any CPU
		{27EE019F-32E2-403B-9651-7F826CE2EC14}.Release|Any CPU.ActiveCfg = Release|Any CPU
		{27EE019F-32E2-403B-9651-7F826CE2EC14}.Release|Any CPU.Build.0 = Release|Any CPU
	EndGlobalSection
	GlobalSection(SolutionProperties) = preSolution
		HideSolutionNode = FALSE
	EndGlobalSection
	GlobalSection(ExtensibilityGlobals) = postSolution
		SolutionGuid = {A5215613-9628-4683-9DA1-90B90588B905}
	EndGlobalSection
EndGlobal
