
Microsoft Visual Studio Solution File, Format Version 12.00
# Visual Studio Version 16
VisualStudioVersion = 16.0.28606.126
MinimumVisualStudioVersion = 10.0.40219.1
Project("{FAE04EC0-301F-11D3-BF4B-00C04F79EFBC}") = "MVCEF", "MVCEF\MVCEF.csproj", "{F60364DA-02BB-4473-9064-C0098ED9E974}"
EndProject
Global
	GlobalSection(SolutionConfigurationPlatforms) = preSolution
		Debug|Any CPU = Debug|Any CPU
		Release|Any CPU = Release|Any CPU
	EndGlobalSection
	GlobalSection(ProjectConfigurationPlatforms) = postSolution
		{F60364DA-02BB-4473-9064-C0098ED9E974}.Debug|Any CPU.ActiveCfg = Debug|Any CPU
		{F60364DA-02BB-4473-9064-C0098ED9E974}.Debug|Any CPU.Build.0 = Debug|Any CPU
		{F60364DA-02BB-4473-9064-C0098ED9E974}.Release|Any CPU.ActiveCfg = Release|Any CPU
		{F60364DA-02BB-4473-9064-C0098ED9E974}.Release|Any CPU.Build.0 = Release|Any CPU
	EndGlobalSection
	GlobalSection(SolutionProperties) = preSolution
		HideSolutionNode = FALSE
	EndGlobalSection
	GlobalSection(ExtensibilityGlobals) = postSolution
		SolutionGuid = {A6EB7A3E-2067-4C0E-88F7-0CFCECA28776}
	EndGlobalSection
EndGlobal
