
Microsoft Visual Studio Solution File, Format Version 12.00
# Visual Studio 15
VisualStudioVersion = 15.0.28307.106
MinimumVisualStudioVersion = 10.0.40219.1
Project("{FAE04EC0-301F-11D3-BF4B-00C04F79EFBC}") = "StringsDemo", "StringsDemo\StringsDemo.csproj", "{44A61F4E-544D-4AE4-91BB-A9CA008B4B8C}"
EndProject
Global
	GlobalSection(SolutionConfigurationPlatforms) = preSolution
		Debug|Any CPU = Debug|Any CPU
		Release|Any CPU = Release|Any CPU
	EndGlobalSection
	GlobalSection(ProjectConfigurationPlatforms) = postSolution
		{44A61F4E-544D-4AE4-91BB-A9CA008B4B8C}.Debug|Any CPU.ActiveCfg = Debug|Any CPU
		{44A61F4E-544D-4AE4-91BB-A9CA008B4B8C}.Debug|Any CPU.Build.0 = Debug|Any CPU
		{44A61F4E-544D-4AE4-91BB-A9CA008B4B8C}.Release|Any CPU.ActiveCfg = Release|Any CPU
		{44A61F4E-544D-4AE4-91BB-A9CA008B4B8C}.Release|Any CPU.Build.0 = Release|Any CPU
	EndGlobalSection
	GlobalSection(SolutionProperties) = preSolution
		HideSolutionNode = FALSE
	EndGlobalSection
	GlobalSection(ExtensibilityGlobals) = postSolution
		SolutionGuid = {9121BBD4-2FB8-4D96-B3E0-133D2EFC5F5E}
	EndGlobalSection
EndGlobal
