
Microsoft Visual Studio Solution File, Format Version 12.00
# Visual Studio Version 16
VisualStudioVersion = 16.0.28606.126
MinimumVisualStudioVersion = 10.0.40219.1
Project("{FAE04EC0-301F-11D3-BF4B-00C04F79EFBC}") = "Animation.Android", "Animation\Animation.Android\Animation.Android.csproj", "{EBD2A1C9-82AA-44CC-B2AA-EA99AA34E558}"
EndProject
Project("{FAE04EC0-301F-11D3-BF4B-00C04F79EFBC}") = "Animation", "Animation\Animation\Animation.csproj", "{3A6C1695-EA3C-440F-AC5B-4B8A633F7329}"
EndProject
Global
	GlobalSection(SolutionConfigurationPlatforms) = preSolution
		Debug|Any CPU = Debug|Any CPU
		Release|Any CPU = Release|Any CPU
	EndGlobalSection
	GlobalSection(ProjectConfigurationPlatforms) = postSolution
		{EBD2A1C9-82AA-44CC-B2AA-EA99AA34E558}.Debug|Any CPU.ActiveCfg = Debug|Any CPU
		{EBD2A1C9-82AA-44CC-B2AA-EA99AA34E558}.Debug|Any CPU.Build.0 = Debug|Any CPU
		{EBD2A1C9-82AA-44CC-B2AA-EA99AA34E558}.Debug|Any CPU.Deploy.0 = Debug|Any CPU
		{EBD2A1C9-82AA-44CC-B2AA-EA99AA34E558}.Release|Any CPU.ActiveCfg = Release|Any CPU
		{EBD2A1C9-82AA-44CC-B2AA-EA99AA34E558}.Release|Any CPU.Build.0 = Release|Any CPU
		{EBD2A1C9-82AA-44CC-B2AA-EA99AA34E558}.Release|Any CPU.Deploy.0 = Release|Any CPU
		{3A6C1695-EA3C-440F-AC5B-4B8A633F7329}.Debug|Any CPU.ActiveCfg = Debug|Any CPU
		{3A6C1695-EA3C-440F-AC5B-4B8A633F7329}.Debug|Any CPU.Build.0 = Debug|Any CPU
		{3A6C1695-EA3C-440F-AC5B-4B8A633F7329}.Debug|Any CPU.Deploy.0 = Debug|Any CPU
		{3A6C1695-EA3C-440F-AC5B-4B8A633F7329}.Release|Any CPU.ActiveCfg = Release|Any CPU
		{3A6C1695-EA3C-440F-AC5B-4B8A633F7329}.Release|Any CPU.Build.0 = Release|Any CPU
		{3A6C1695-EA3C-440F-AC5B-4B8A633F7329}.Release|Any CPU.Deploy.0 = Release|Any CPU
	EndGlobalSection
	GlobalSection(SolutionProperties) = preSolution
		HideSolutionNode = FALSE
	EndGlobalSection
	GlobalSection(ExtensibilityGlobals) = postSolution
		SolutionGuid = {38892EED-EF40-42EE-A944-6B7B28F57A46}
	EndGlobalSection
EndGlobal
